
Microsoft Visual Studio Solution File, Format Version 12.00
# Visual Studio Version 16
VisualStudioVersion = 16.0.31424.327
MinimumVisualStudioVersion = 10.0.40219.1
Project("{9A19103F-16F7-4668-BE54-9A1E7A4F7556}") = "LinenAndBird", "LinenAndBird\LinenAndBird.csproj", "{CF7F8676-42E3-453D-91F1-E8127CE08822}"
EndProject
Project("{FAE04EC0-301F-11D3-BF4B-00C04F79EFBC}") = "LinenAndBird.Test", "LinenAndBird.Test\LinenAndBird.Test.csproj", "{D137961F-CD9F-43E8-9FB3-D8C1FDF1B5A4}"
EndProject
Global
	GlobalSection(SolutionConfigurationPlatforms) = preSolution
		Debug|Any CPU = Debug|Any CPU
		Release|Any CPU = Release|Any CPU
	EndGlobalSection
	GlobalSection(ProjectConfigurationPlatforms) = postSolution
		{CF7F8676-42E3-453D-91F1-E8127CE08822}.Debug|Any CPU.ActiveCfg = Debug|Any CPU
		{CF7F8676-42E3-453D-91F1-E8127CE08822}.Debug|Any CPU.Build.0 = Debug|Any CPU
		{CF7F8676-42E3-453D-91F1-E8127CE08822}.Release|Any CPU.ActiveCfg = Release|Any CPU
		{CF7F8676-42E3-453D-91F1-E8127CE08822}.Release|Any CPU.Build.0 = Release|Any CPU
		{D137961F-CD9F-43E8-9FB3-D8C1FDF1B5A4}.Debug|Any CPU.ActiveCfg = Debug|Any CPU
		{D137961F-CD9F-43E8-9FB3-D8C1FDF1B5A4}.Debug|Any CPU.Build.0 = Debug|Any CPU
		{D137961F-CD9F-43E8-9FB3-D8C1FDF1B5A4}.Release|Any CPU.ActiveCfg = Release|Any CPU
		{D137961F-CD9F-43E8-9FB3-D8C1FDF1B5A4}.Release|Any CPU.Build.0 = Release|Any CPU
	EndGlobalSection
	GlobalSection(SolutionProperties) = preSolution
		HideSolutionNode = FALSE
	EndGlobalSection
	GlobalSection(ExtensibilityGlobals) = postSolution
		SolutionGuid = {3E1E0C0B-032B-4A80-A389-4228B2EE85BF}
	EndGlobalSection
EndGlobal
